
Microsoft Visual Studio Solution File, Format Version 12.00
# Visual Studio 15
VisualStudioVersion = 15.0.28307.106
MinimumVisualStudioVersion = 10.0.40219.1
Project("{FAE04EC0-301F-11D3-BF4B-00C04F79EFBC}") = "AVideoHost", "AVideoHost\AVideoHost.csproj", "{B7731F61-AD8A-4408-83B2-87AD95A7BA1A}"
EndProject
Global
	GlobalSection(SolutionConfigurationPlatforms) = preSolution
		Debug|Any CPU = Debug|Any CPU
		Release|Any CPU = Release|Any CPU
	EndGlobalSection
	GlobalSection(ProjectConfigurationPlatforms) = postSolution
		{B7731F61-AD8A-4408-83B2-87AD95A7BA1A}.Debug|Any CPU.ActiveCfg = Debug|Any CPU
		{B7731F61-AD8A-4408-83B2-87AD95A7BA1A}.Debug|Any CPU.Build.0 = Debug|Any CPU
		{B7731F61-AD8A-4408-83B2-87AD95A7BA1A}.Release|Any CPU.ActiveCfg = Release|Any CPU
		{B7731F61-AD8A-4408-83B2-87AD95A7BA1A}.Release|Any CPU.Build.0 = Release|Any CPU
	EndGlobalSection
	GlobalSection(SolutionProperties) = preSolution
		HideSolutionNode = FALSE
	EndGlobalSection
	GlobalSection(ExtensibilityGlobals) = postSolution
		SolutionGuid = {41A4D02D-482A-48CB-93C8-422E07BBA295}
	EndGlobalSection
EndGlobal
